// !$*UTF8*$!
{
	archiveVersion = 1;
	classes = {
	};
	objectVersion = 46;
	objects = {

/* Begin PBXBuildFile section */
		1F2F87EE1B050DD40011FB31 /* AppDelegate.swift in Sources */ = {isa = PBXBuildFile; fileRef = 1F2F87ED1B050DD40011FB31 /* AppDelegate.swift */; };
		1F2F87F01B050DD40011FB31 /* ToBeastViewController.swift in Sources */ = {isa = PBXBuildFile; fileRef = 1F2F87EF1B050DD40011FB31 /* ToBeastViewController.swift */; };
		1F2F87F31B050DD40011FB31 /* Main.storyboard in Resources */ = {isa = PBXBuildFile; fileRef = 1F2F87F11B050DD40011FB31 /* Main.storyboard */; };
		1F2F87F51B050DD40011FB31 /* Images.xcassets in Resources */ = {isa = PBXBuildFile; fileRef = 1F2F87F41B050DD40011FB31 /* Images.xcassets */; };
		1F2F87F81B050DD40011FB31 /* LaunchScreen.xib in Resources */ = {isa = PBXBuildFile; fileRef = 1F2F87F61B050DD40011FB31 /* LaunchScreen.xib */; };
		1F2F88041B050DD40011FB31 /* beastlistblackbeltTests.swift in Sources */ = {isa = PBXBuildFile; fileRef = 1F2F88031B050DD40011FB31 /* beastlistblackbeltTests.swift */; };
		1F2F88101B050E720011FB31 /* BeastedViewController.swift in Sources */ = {isa = PBXBuildFile; fileRef = 1F2F880F1B050E720011FB31 /* BeastedViewController.swift */; };
		1F2F88121B050EB20011FB31 /* Task.swift in Sources */ = {isa = PBXBuildFile; fileRef = 1F2F88111B050EB20011FB31 /* Task.swift */; };
		1F2F88141B0510770011FB31 /* Database.swift in Sources */ = {isa = PBXBuildFile; fileRef = 1F2F88131B0510770011FB31 /* Database.swift */; };
		1F2F88161B0511B90011FB31 /* TaskCell.swift in Sources */ = {isa = PBXBuildFile; fileRef = 1F2F88151B0511B90011FB31 /* TaskCell.swift */; };
		1F2F88181B0512C60011FB31 /* TaskDetailViewController.swift in Sources */ = {isa = PBXBuildFile; fileRef = 1F2F88171B0512C60011FB31 /* TaskDetailViewController.swift */; };
		1F2F881A1B0514860011FB31 /* CancelButtonDelegate.swift in Sources */ = {isa = PBXBuildFile; fileRef = 1F2F88191B0514860011FB31 /* CancelButtonDelegate.swift */; };
		1F2F881C1B0514C80011FB31 /* TaskDetailViewControllerDelegate.swift in Sources */ = {isa = PBXBuildFile; fileRef = 1F2F881B1B0514C80011FB31 /* TaskDetailViewControllerDelegate.swift */; };
/* End PBXBuildFile section */

/* Begin PBXContainerItemProxy section */
		1F2F87FE1B050DD40011FB31 /* PBXContainerItemProxy */ = {
			isa = PBXContainerItemProxy;
			containerPortal = 1F2F87E01B050DD40011FB31 /* Project object */;
			proxyType = 1;
			remoteGlobalIDString = 1F2F87E71B050DD40011FB31;
			remoteInfo = beastlistblackbelt;
		};
/* End PBXContainerItemProxy section */

/* Begin PBXFileReference section */
		1F2F87E81B050DD40011FB31 /* beastlistblackbelt.app */ = {isa = PBXFileReference; explicitFileType = wrapper.application; includeInIndex = 0; path = beastlistblackbelt.app; sourceTree = BUILT_PRODUCTS_DIR; };
		1F2F87EC1B050DD40011FB31 /* Info.plist */ = {isa = PBXFileReference; lastKnownFileType = text.plist.xml; path = Info.plist; sourceTree = "<group>"; };
		1F2F87ED1B050DD40011FB31 /* AppDelegate.swift */ = {isa = PBXFileReference; lastKnownFileType = sourcecode.swift; path = AppDelegate.swift; sourceTree = "<group>"; };
		1F2F87EF1B050DD40011FB31 /* ToBeastViewController.swift */ = {isa = PBXFileReference; lastKnownFileType = sourcecode.swift; path = ToBeastViewController.swift; sourceTree = "<group>"; };
		1F2F87F21B050DD40011FB31 /* Base */ = {isa = PBXFileReference; lastKnownFileType = file.storyboard; name = Base; path = Base.lproj/Main.storyboard; sourceTree = "<group>"; };
		1F2F87F41B050DD40011FB31 /* Images.xcassets */ = {isa = PBXFileReference; lastKnownFileType = folder.assetcatalog; path = Images.xcassets; sourceTree = "<group>"; };
		1F2F87F71B050DD40011FB31 /* Base */ = {isa = PBXFileReference; lastKnownFileType = file.xib; name = Base; path = Base.lproj/LaunchScreen.xib; sourceTree = "<group>"; };
		1F2F87FD1B050DD40011FB31 /* beastlistblackbeltTests.xctest */ = {isa = PBXFileReference; explicitFileType = wrapper.cfbundle; includeInIndex = 0; path = beastlistblackbeltTests.xctest; sourceTree = BUILT_PRODUCTS_DIR; };
		1F2F88021B050DD40011FB31 /* Info.plist */ = {isa = PBXFileReference; lastKnownFileType = text.plist.xml; path = Info.plist; sourceTree = "<group>"; };
		1F2F88031B050DD40011FB31 /* beastlistblackbeltTests.swift */ = {isa = PBXFileReference; lastKnownFileType = sourcecode.swift; path = beastlistblackbeltTests.swift; sourceTree = "<group>"; };
		1F2F880F1B050E720011FB31 /* BeastedViewController.swift */ = {isa = PBXFileReference; fileEncoding = 4; lastKnownFileType = sourcecode.swift; path = BeastedViewController.swift; sourceTree = "<group>"; };
		1F2F88111B050EB20011FB31 /* Task.swift */ = {isa = PBXFileReference; fileEncoding = 4; lastKnownFileType = sourcecode.swift; path = Task.swift; sourceTree = "<group>"; };
		1F2F88131B0510770011FB31 /* Database.swift */ = {isa = PBXFileReference; fileEncoding = 4; lastKnownFileType = sourcecode.swift; path = Database.swift; sourceTree = "<group>"; };
		1F2F88151B0511B90011FB31 /* TaskCell.swift */ = {isa = PBXFileReference; fileEncoding = 4; lastKnownFileType = sourcecode.swift; path = TaskCell.swift; sourceTree = "<group>"; };
		1F2F88171B0512C60011FB31 /* TaskDetailViewController.swift */ = {isa = PBXFileReference; fileEncoding = 4; lastKnownFileType = sourcecode.swift; path = TaskDetailViewController.swift; sourceTree = "<group>"; };
		1F2F88191B0514860011FB31 /* CancelButtonDelegate.swift */ = {isa = PBXFileReference; fileEncoding = 4; lastKnownFileType = sourcecode.swift; path = CancelButtonDelegate.swift; sourceTree = "<group>"; };
		1F2F881B1B0514C80011FB31 /* TaskDetailViewControllerDelegate.swift */ = {isa = PBXFileReference; fileEncoding = 4; lastKnownFileType = sourcecode.swift; path = TaskDetailViewControllerDelegate.swift; sourceTree = "<group>"; };
/* End PBXFileReference section */

/* Begin PBXFrameworksBuildPhase section */
		1F2F87E51B050DD40011FB31 /* Frameworks */ = {
			isa = PBXFrameworksBuildPhase;
			buildActionMask = 2147483647;
			files = (
			);
			runOnlyForDeploymentPostprocessing = 0;
		};
		1F2F87FA1B050DD40011FB31 /* Frameworks */ = {
			isa = PBXFrameworksBuildPhase;
			buildActionMask = 2147483647;
			files = (
			);
			runOnlyForDeploymentPostprocessing = 0;
		};
/* End PBXFrameworksBuildPhase section */

/* Begin PBXGroup section */
		1F2F87DF1B050DD40011FB31 = {
			isa = PBXGroup;
			children = (
				1F2F87EA1B050DD40011FB31 /* beastlistblackbelt */,
				1F2F88001B050DD40011FB31 /* beastlistblackbeltTests */,
				1F2F87E91B050DD40011FB31 /* Products */,
			);
			sourceTree = "<group>";
		};
		1F2F87E91B050DD40011FB31 /* Products */ = {
			isa = PBXGroup;
			children = (
				1F2F87E81B050DD40011FB31 /* beastlistblackbelt.app */,
				1F2F87FD1B050DD40011FB31 /* beastlistblackbeltTests.xctest */,
			);
			name = Products;
			sourceTree = "<group>";
		};
		1F2F87EA1B050DD40011FB31 /* beastlistblackbelt */ = {
			isa = PBXGroup;
			children = (
				1F2F87ED1B050DD40011FB31 /* AppDelegate.swift */,
				1F2F87EF1B050DD40011FB31 /* ToBeastViewController.swift */,
				1F2F880F1B050E720011FB31 /* BeastedViewController.swift */,
				1F2F88171B0512C60011FB31 /* TaskDetailViewController.swift */,
				1F2F88111B050EB20011FB31 /* Task.swift */,
				1F2F88151B0511B90011FB31 /* TaskCell.swift */,
				1F2F88131B0510770011FB31 /* Database.swift */,
				1F2F88191B0514860011FB31 /* CancelButtonDelegate.swift */,
				1F2F881B1B0514C80011FB31 /* TaskDetailViewControllerDelegate.swift */,
				1F2F87F11B050DD40011FB31 /* Main.storyboard */,
				1F2F87F41B050DD40011FB31 /* Images.xcassets */,
				1F2F87F61B050DD40011FB31 /* LaunchScreen.xib */,
				1F2F87EB1B050DD40011FB31 /* Supporting Files */,
			);
			path = beastlistblackbelt;
			sourceTree = "<group>";
		};
		1F2F87EB1B050DD40011FB31 /* Supporting Files */ = {
			isa = PBXGroup;
			children = (
				1F2F87EC1B050DD40011FB31 /* Info.plist */,
			);
			name = "Supporting Files";
			sourceTree = "<group>";
		};
		1F2F88001B050DD40011FB31 /* beastlistblackbeltTests */ = {
			isa = PBXGroup;
			children = (
				1F2F88031B050DD40011FB31 /* beastlistblackbeltTests.swift */,
				1F2F88011B050DD40011FB31 /* Supporting Files */,
			);
			path = beastlistblackbeltTests;
			sourceTree = "<group>";
		};
		1F2F88011B050DD40011FB31 /* Supporting Files */ = {
			isa = PBXGroup;
			children = (
				1F2F88021B050DD40011FB31 /* Info.plist */,
			);
			name = "Supporting Files";
			sourceTree = "<group>";
		};
/* End PBXGroup section */

/* Begin PBXNativeTarget section */
		1F2F87E71B050DD40011FB31 /* beastlistblackbelt */ = {
			isa = PBXNativeTarget;
			buildConfigurationList = 1F2F88071B050DD40011FB31 /* Build configuration list for PBXNativeTarget "beastlistblackbelt" */;
			buildPhases = (
				1F2F87E41B050DD40011FB31 /* Sources */,
				1F2F87E51B050DD40011FB31 /* Frameworks */,
				1F2F87E61B050DD40011FB31 /* Resources */,
			);
			buildRules = (
			);
			dependencies = (
			);
			name = beastlistblackbelt;
			productName = beastlistblackbelt;
			productReference = 1F2F87E81B050DD40011FB31 /* beastlistblackbelt.app */;
			productType = "com.apple.product-type.application";
		};
		1F2F87FC1B050DD40011FB31 /* beastlistblackbeltTests */ = {
			isa = PBXNativeTarget;
			buildConfigurationList = 1F2F880A1B050DD40011FB31 /* Build configuration list for PBXNativeTarget "beastlistblackbeltTests" */;
			buildPhases = (
				1F2F87F91B050DD40011FB31 /* Sources */,
				1F2F87FA1B050DD40011FB31 /* Frameworks */,
				1F2F87FB1B050DD40011FB31 /* Resources */,
			);
			buildRules = (
			);
			dependencies = (
				1F2F87FF1B050DD40011FB31 /* PBXTargetDependency */,
			);
			name = beastlistblackbeltTests;
			productName = beastlistblackbeltTests;
			productReference = 1F2F87FD1B050DD40011FB31 /* beastlistblackbeltTests.xctest */;
			productType = "com.apple.product-type.bundle.unit-test";
		};
/* End PBXNativeTarget section */

/* Begin PBXProject section */
		1F2F87E01B050DD40011FB31 /* Project object */ = {
			isa = PBXProject;
			attributes = {
				LastUpgradeCheck = 0630;
				ORGANIZATIONNAME = Jeff;
				TargetAttributes = {
					1F2F87E71B050DD40011FB31 = {
						CreatedOnToolsVersion = 6.3.1;
					};
					1F2F87FC1B050DD40011FB31 = {
						CreatedOnToolsVersion = 6.3.1;
						TestTargetID = 1F2F87E71B050DD40011FB31;
					};
				};
			};
			buildConfigurationList = 1F2F87E31B050DD40011FB31 /* Build configuration list for PBXProject "beastlistblackbelt" */;
			compatibilityVersion = "Xcode 3.2";
			developmentRegion = English;
			hasScannedForEncodings = 0;
			knownRegions = (
				en,
				Base,
			);
			mainGroup = 1F2F87DF1B050DD40011FB31;
			productRefGroup = 1F2F87E91B050DD40011FB31 /* Products */;
			projectDirPath = "";
			projectRoot = "";
			targets = (
				1F2F87E71B050DD40011FB31 /* beastlistblackbelt */,
				1F2F87FC1B050DD40011FB31 /* beastlistblackbeltTests */,
			);
		};
/* End PBXProject section */

/* Begin PBXResourcesBuildPhase section */
		1F2F87E61B050DD40011FB31 /* Resources */ = {
			isa = PBXResourcesBuildPhase;
			buildActionMask = 2147483647;
			files = (
				1F2F87F31B050DD40011FB31 /* Main.storyboard in Resources */,
				1F2F87F81B050DD40011FB31 /* LaunchScreen.xib in Resources */,
				1F2F87F51B050DD40011FB31 /* Images.xcassets in Resources */,
			);
			runOnlyForDeploymentPostprocessing = 0;
		};
		1F2F87FB1B050DD40011FB31 /* Resources */ = {
			isa = PBXResourcesBuildPhase;
			buildActionMask = 2147483647;
			files = (
			);
			runOnlyForDeploymentPostprocessing = 0;
		};
/* End PBXResourcesBuildPhase section */

/* Begin PBXSourcesBuildPhase section */
		1F2F87E41B050DD40011FB31 /* Sources */ = {
			isa = PBXSourcesBuildPhase;
			buildActionMask = 2147483647;
			files = (
				1F2F88181B0512C60011FB31 /* TaskDetailViewController.swift in Sources */,
				1F2F881C1B0514C80011FB31 /* TaskDetailViewControllerDelegate.swift in Sources */,
				1F2F88121B050EB20011FB31 /* Task.swift in Sources */,
				1F2F881A1B0514860011FB31 /* CancelButtonDelegate.swift in Sources */,
				1F2F87F01B050DD40011FB31 /* ToBeastViewController.swift in Sources */,
				1F2F88101B050E720011FB31 /* BeastedViewController.swift in Sources */,
				1F2F88141B0510770011FB31 /* Database.swift in Sources */,
				1F2F88161B0511B90011FB31 /* TaskCell.swift in Sources */,
				1F2F87EE1B050DD40011FB31 /* AppDelegate.swift in Sources */,
			);
			runOnlyForDeploymentPostprocessing = 0;
		};
		1F2F87F91B050DD40011FB31 /* Sources */ = {
			isa = PBXSourcesBuildPhase;
			buildActionMask = 2147483647;
			files = (
				1F2F88041B050DD40011FB31 /* beastlistblackbeltTests.swift in Sources */,
			);
			runOnlyForDeploymentPostprocessing = 0;
		};
/* End PBXSourcesBuildPhase section */

/* Begin PBXTargetDependency section */
		1F2F87FF1B050DD40011FB31 /* PBXTargetDependency */ = {
			isa = PBXTargetDependency;
			target = 1F2F87E71B050DD40011FB31 /* beastlistblackbelt */;
			targetProxy = 1F2F87FE1B050DD40011FB31 /* PBXContainerItemProxy */;
		};
/* End PBXTargetDependency section */

/* Begin PBXVariantGroup section */
		1F2F87F11B050DD40011FB31 /* Main.storyboard */ = {
			isa = PBXVariantGroup;
			children = (
				1F2F87F21B050DD40011FB31 /* Base */,
			);
			name = Main.storyboard;
			sourceTree = "<group>";
		};
		1F2F87F61B050DD40011FB31 /* LaunchScreen.xib */ = {
			isa = PBXVariantGroup;
			children = (
				1F2F87F71B050DD40011FB31 /* Base */,
			);
			name = LaunchScreen.xib;
			sourceTree = "<group>";
		};
/* End PBXVariantGroup section */

/* Begin XCBuildConfiguration section */
		1F2F88051B050DD40011FB31 /* Debug */ = {
			isa = XCBuildConfiguration;
			buildSettings = {
				ALWAYS_SEARCH_USER_PATHS = NO;
				CLANG_CXX_LANGUAGE_STANDARD = "gnu++0x";
				CLANG_CXX_LIBRARY = "libc++";
				CLANG_ENABLE_MODULES = YES;
				CLANG_ENABLE_OBJC_ARC = YES;
				CLANG_WARN_BOOL_CONVERSION = YES;
				CLANG_WARN_CONSTANT_CONVERSION = YES;
				CLANG_WARN_DIRECT_OBJC_ISA_USAGE = YES_ERROR;
				CLANG_WARN_EMPTY_BODY = YES;
				CLANG_WARN_ENUM_CONVERSION = YES;
				CLANG_WARN_INT_CONVERSION = YES;
				CLANG_WARN_OBJC_ROOT_CLASS = YES_ERROR;
				CLANG_WARN_UNREACHABLE_CODE = YES;
				CLANG_WARN__DUPLICATE_METHOD_MATCH = YES;
				"CODE_SIGN_IDENTITY[sdk=iphoneos*]" = "iPhone Developer";
				COPY_PHASE_STRIP = NO;
				DEBUG_INFORMATION_FORMAT = "dwarf-with-dsym";
				ENABLE_STRICT_OBJC_MSGSEND = YES;
				GCC_C_LANGUAGE_STANDARD = gnu99;
				GCC_DYNAMIC_NO_PIC = NO;
				GCC_NO_COMMON_BLOCKS = YES;
				GCC_OPTIMIZATION_LEVEL = 0;
				GCC_PREPROCESSOR_DEFINITIONS = (
					"DEBUG=1",
					"$(inherited)",
				);
				GCC_SYMBOLS_PRIVATE_EXTERN = NO;
				GCC_WARN_64_TO_32_BIT_CONVERSION = YES;
				GCC_WARN_ABOUT_RETURN_TYPE = YES_ERROR;
				GCC_WARN_UNDECLARED_SELECTOR = YES;
				GCC_WARN_UNINITIALIZED_AUTOS = YES_AGGRESSIVE;
				GCC_WARN_UNUSED_FUNCTION = YES;
				GCC_WARN_UNUSED_VARIABLE = YES;
				IPHONEOS_DEPLOYMENT_TARGET = 8.3;
				MTL_ENABLE_DEBUG_INFO = YES;
				ONLY_ACTIVE_ARCH = YES;
				SDKROOT = iphoneos;
				SWIFT_OPTIMIZATION_LEVEL = "-Onone";
				TARGETED_DEVICE_FAMILY = "1,2";
			};
			name = Debug;
		};
		1F2F88061B050DD40011FB31 /* Release */ = {
			isa = XCBuildConfiguration;
			buildSettings = {
				ALWAYS_SEARCH_USER_PATHS = NO;
				CLANG_CXX_LANGUAGE_STANDARD = "gnu++0x";
				CLANG_CXX_LIBRARY = "libc++";
				CLANG_ENABLE_MODULES = YES;
				CLANG_ENABLE_OBJC_ARC = YES;
				CLANG_WARN_BOOL_CONVERSION = YES;
				CLANG_WARN_CONSTANT_CONVERSION = YES;
				CLANG_WARN_DIRECT_OBJC_ISA_USAGE = YES_ERROR;
				CLANG_WARN_EMPTY_BODY = YES;
				CLANG_WARN_ENUM_CONVERSION = YES;
				CLANG_WARN_INT_CONVERSION = YES;
				CLANG_WARN_OBJC_ROOT_CLASS = YES_ERROR;
				CLANG_WARN_UNREACHABLE_CODE = YES;
				CLANG_WARN__DUPLICATE_METHOD_MATCH = YES;
				"CODE_SIGN_IDENTITY[sdk=iphoneos*]" = "iPhone Developer";
				COPY_PHASE_STRIP = NO;
				DEBUG_INFORMATION_FORMAT = "dwarf-with-dsym";
				ENABLE_NS_ASSERTIONS = NO;
				ENABLE_STRICT_OBJC_MSGSEND = YES;
				GCC_C_LANGUAGE_STANDARD = gnu99;
				GCC_NO_COMMON_BLOCKS = YES;
				GCC_WARN_64_TO_32_BIT_CONVERSION = YES;
				GCC_WARN_ABOUT_RETURN_TYPE = YES_ERROR;
				GCC_WARN_UNDECLARED_SELECTOR = YES;
				GCC_WARN_UNINITIALIZED_AUTOS = YES_AGGRESSIVE;
				GCC_WARN_UNUSED_FUNCTION = YES;
				GCC_WARN_UNUSED_VARIABLE = YES;
				IPHONEOS_DEPLOYMENT_TARGET = 8.3;
				MTL_ENABLE_DEBUG_INFO = NO;
				SDKROOT = iphoneos;
				TARGETED_DEVICE_FAMILY = "1,2";
				VALIDATE_PRODUCT = YES;
			};
			name = Release;
		};
		1F2F88081B050DD40011FB31 /* Debug */ = {
			isa = XCBuildConfiguration;
			buildSettings = {
				ASSETCATALOG_COMPILER_APPICON_NAME = AppIcon;
				INFOPLIST_FILE = beastlistblackbelt/Info.plist;
				LD_RUNPATH_SEARCH_PATHS = "$(inherited) @executable_path/Frameworks";
				PRODUCT_NAME = "$(TARGET_NAME)";
			};
			name = Debug;
		};
		1F2F88091B050DD40011FB31 /* Release */ = {
			isa = XCBuildConfiguration;
			buildSettings = {
				ASSETCATALOG_COMPILER_APPICON_NAME = AppIcon;
				INFOPLIST_FILE = beastlistblackbelt/Info.plist;
				LD_RUNPATH_SEARCH_PATHS = "$(inherited) @executable_path/Frameworks";
				PRODUCT_NAME = "$(TARGET_NAME)";
			};
			name = Release;
		};
		1F2F880B1B050DD40011FB31 /* Debug */ = {
			isa = XCBuildConfiguration;
			buildSettings = {
				BUNDLE_LOADER = "$(TEST_HOST)";
				FRAMEWORK_SEARCH_PATHS = (
					"$(SDKROOT)/Developer/Library/Frameworks",
					"$(inherited)",
				);
				GCC_PREPROCESSOR_DEFINITIONS = (
					"DEBUG=1",
					"$(inherited)",
				);
				INFOPLIST_FILE = beastlistblackbeltTests/Info.plist;
				LD_RUNPATH_SEARCH_PATHS = "$(inherited) @executable_path/Frameworks @loader_path/Frameworks";
				PRODUCT_NAME = "$(TARGET_NAME)";
				TEST_HOST = "$(BUILT_PRODUCTS_DIR)/beastlistblackbelt.app/beastlistblackbelt";
			};
			name = Debug;
		};
		1F2F880C1B050DD40011FB31 /* Release */ = {
			isa = XCBuildConfiguration;
			buildSettings = {
				BUNDLE_LOADER = "$(TEST_HOST)";
				FRAMEWORK_SEARCH_PATHS = (
					"$(SDKROOT)/Developer/Library/Frameworks",
					"$(inherited)",
				);
				INFOPLIST_FILE = beastlistblackbeltTests/Info.plist;
				LD_RUNPATH_SEARCH_PATHS = "$(inherited) @executable_path/Frameworks @loader_path/Frameworks";
				PRODUCT_NAME = "$(TARGET_NAME)";
				TEST_HOST = "$(BUILT_PRODUCTS_DIR)/beastlistblackbelt.app/beastlistblackbelt";
			};
			name = Release;
		};
/* End XCBuildConfiguration section */

/* Begin XCConfigurationList section */
		1F2F87E31B050DD40011FB31 /* Build configuration list for PBXProject "beastlistblackbelt" */ = {
			isa = XCConfigurationList;
			buildConfigurations = (
				1F2F88051B050DD40011FB31 /* Debug */,
				1F2F88061B050DD40011FB31 /* Release */,
			);
			defaultConfigurationIsVisible = 0;
			defaultConfigurationName = Release;
		};
		1F2F88071B050DD40011FB31 /* Build configuration list for PBXNativeTarget "beastlistblackbelt" */ = {
			isa = XCConfigurationList;
			buildConfigurations = (
				1F2F88081B050DD40011FB31 /* Debug */,
				1F2F88091B050DD40011FB31 /* Release */,
			);
			defaultConfigurationIsVisible = 0;
		};
		1F2F880A1B050DD40011FB31 /* Build configuration list for PBXNativeTarget "beastlistblackbeltTests" */ = {
			isa = XCConfigurationList;
			buildConfigurations = (
				1F2F880B1B050DD40011FB31 /* Debug */,
				1F2F880C1B050DD40011FB31 /* Release */,
			);
			defaultConfigurationIsVisible = 0;
		};
/* End XCConfigurationList section */
	};
	rootObject = 1F2F87E01B050DD40011FB31 /* Project object */;
}
